// !$*UTF8*$!
{
	archiveVersion = 1;
	classes = {
	};
	objectVersion = 56;
	objects = {

/* Begin PBXBuildFile section */
		58F1029B065E72DD3AD50A75 /* Pods_TestingODR.framework in Frameworks */ = {isa = PBXBuildFile; fileRef = 994FDED8BFD60DD0F595BDF9 /* Pods_TestingODR.framework */; };
		690C4ED42AB452ED005C2AB8 /* ODRController.swift in Sources */ = {isa = PBXBuildFile; fileRef = 690C4ED32AB452ED005C2AB8 /* ODRController.swift */; };
		690C4ED62AB7154F005C2AB8 /* DownloadImageController.swift in Sources */ = {isa = PBXBuildFile; fileRef = 690C4ED52AB7154F005C2AB8 /* DownloadImageController.swift */; };
		692A07B72A8A0C85005F60F0 /* ModalView.swift in Sources */ = {isa = PBXBuildFile; fileRef = 692A07B62A8A0C85005F60F0 /* ModalView.swift */; };
		692E0E432AB841F300A662CB /* ShowOneController.swift in Sources */ = {isa = PBXBuildFile; fileRef = 692E0E422AB841F300A662CB /* ShowOneController.swift */; };
		693763D02A35E56600C6B980 /* AppDelegate.swift in Sources */ = {isa = PBXBuildFile; fileRef = 693763CF2A35E56600C6B980 /* AppDelegate.swift */; };
		693763D22A35E56600C6B980 /* SceneDelegate.swift in Sources */ = {isa = PBXBuildFile; fileRef = 693763D12A35E56600C6B980 /* SceneDelegate.swift */; };
		693763D42A35E56600C6B980 /* ViewController.swift in Sources */ = {isa = PBXBuildFile; fileRef = 693763D32A35E56600C6B980 /* ViewController.swift */; };
		693763D72A35E56600C6B980 /* Main.storyboard in Resources */ = {isa = PBXBuildFile; fileRef = 693763D52A35E56600C6B980 /* Main.storyboard */; };
		693763D92A35E56700C6B980 /* Assets.xcassets in Resources */ = {isa = PBXBuildFile; fileRef = 693763D82A35E56700C6B980 /* Assets.xcassets */; };
		693763DC2A35E56700C6B980 /* LaunchScreen.storyboard in Resources */ = {isa = PBXBuildFile; fileRef = 693763DA2A35E56700C6B980 /* LaunchScreen.storyboard */; };
		E12EF5DC2ABAF2180038764D /* FolkaStory.swift in Sources */ = {isa = PBXBuildFile; fileRef = E12EF5D72ABAF2180038764D /* FolkaStory.swift */; };
		E12EF5DD2ABAF2180038764D /* FileDownloader.swift in Sources */ = {isa = PBXBuildFile; fileRef = E12EF5D82ABAF2180038764D /* FileDownloader.swift */; };
		E12EF5DE2ABAF2180038764D /* CDNController.swift in Sources */ = {isa = PBXBuildFile; fileRef = E12EF5D92ABAF2180038764D /* CDNController.swift */; };
		E12EF5DF2ABAF2180038764D /* UIImage+FolkaAsset.swift in Sources */ = {isa = PBXBuildFile; fileRef = E12EF5DA2ABAF2180038764D /* UIImage+FolkaAsset.swift */; };
		E12EF5E02ABAF2180038764D /* FileOrganizer.swift in Sources */ = {isa = PBXBuildFile; fileRef = E12EF5DB2ABAF2180038764D /* FileOrganizer.swift */; };
		E145A5E32AC2A07B002812F7 /* FolkaStoryResourceManager.swift in Sources */ = {isa = PBXBuildFile; fileRef = E145A5E22AC2A07B002812F7 /* FolkaStoryResourceManager.swift */; };
/* End PBXBuildFile section */

/* Begin PBXFileReference section */
		66F8E971B96BE900C9F1EB18 /* Pods-TestingODR.debug.xcconfig */ = {isa = PBXFileReference; includeInIndex = 1; lastKnownFileType = text.xcconfig; name = "Pods-TestingODR.debug.xcconfig"; path = "Target Support Files/Pods-TestingODR/Pods-TestingODR.debug.xcconfig"; sourceTree = "<group>"; };
		690C4ED32AB452ED005C2AB8 /* ODRController.swift */ = {isa = PBXFileReference; lastKnownFileType = sourcecode.swift; path = ODRController.swift; sourceTree = "<group>"; };
		690C4ED52AB7154F005C2AB8 /* DownloadImageController.swift */ = {isa = PBXFileReference; lastKnownFileType = sourcecode.swift; path = DownloadImageController.swift; sourceTree = "<group>"; };
		692A07B62A8A0C85005F60F0 /* ModalView.swift */ = {isa = PBXFileReference; lastKnownFileType = sourcecode.swift; path = ModalView.swift; sourceTree = "<group>"; };
		692E0E422AB841F300A662CB /* ShowOneController.swift */ = {isa = PBXFileReference; lastKnownFileType = sourcecode.swift; path = ShowOneController.swift; sourceTree = "<group>"; };
		693763CC2A35E56600C6B980 /* TestingODR.app */ = {isa = PBXFileReference; explicitFileType = wrapper.application; includeInIndex = 0; path = TestingODR.app; sourceTree = BUILT_PRODUCTS_DIR; };
		693763CF2A35E56600C6B980 /* AppDelegate.swift */ = {isa = PBXFileReference; lastKnownFileType = sourcecode.swift; path = AppDelegate.swift; sourceTree = "<group>"; };
		693763D12A35E56600C6B980 /* SceneDelegate.swift */ = {isa = PBXFileReference; lastKnownFileType = sourcecode.swift; path = SceneDelegate.swift; sourceTree = "<group>"; };
		693763D32A35E56600C6B980 /* ViewController.swift */ = {isa = PBXFileReference; lastKnownFileType = sourcecode.swift; path = ViewController.swift; sourceTree = "<group>"; };
		693763D62A35E56600C6B980 /* Base */ = {isa = PBXFileReference; lastKnownFileType = file.storyboard; name = Base; path = Base.lproj/Main.storyboard; sourceTree = "<group>"; };
		693763D82A35E56700C6B980 /* Assets.xcassets */ = {isa = PBXFileReference; lastKnownFileType = folder.assetcatalog; path = Assets.xcassets; sourceTree = "<group>"; };
		693763DB2A35E56700C6B980 /* Base */ = {isa = PBXFileReference; lastKnownFileType = file.storyboard; name = Base; path = Base.lproj/LaunchScreen.storyboard; sourceTree = "<group>"; };
		693763DD2A35E56700C6B980 /* Info.plist */ = {isa = PBXFileReference; lastKnownFileType = text.plist.xml; path = Info.plist; sourceTree = "<group>"; };
		994FDED8BFD60DD0F595BDF9 /* Pods_TestingODR.framework */ = {isa = PBXFileReference; explicitFileType = wrapper.framework; includeInIndex = 0; path = Pods_TestingODR.framework; sourceTree = BUILT_PRODUCTS_DIR; };
		ABE4DB9B57041D0C8EEF11AF /* Pods-TestingODR.release.xcconfig */ = {isa = PBXFileReference; includeInIndex = 1; lastKnownFileType = text.xcconfig; name = "Pods-TestingODR.release.xcconfig"; path = "Target Support Files/Pods-TestingODR/Pods-TestingODR.release.xcconfig"; sourceTree = "<group>"; };
		E12EF5D72ABAF2180038764D /* FolkaStory.swift */ = {isa = PBXFileReference; fileEncoding = 4; lastKnownFileType = sourcecode.swift; path = FolkaStory.swift; sourceTree = "<group>"; };
		E12EF5D82ABAF2180038764D /* FileDownloader.swift */ = {isa = PBXFileReference; fileEncoding = 4; lastKnownFileType = sourcecode.swift; path = FileDownloader.swift; sourceTree = "<group>"; };
		E12EF5D92ABAF2180038764D /* CDNController.swift */ = {isa = PBXFileReference; fileEncoding = 4; lastKnownFileType = sourcecode.swift; path = CDNController.swift; sourceTree = "<group>"; };
		E12EF5DA2ABAF2180038764D /* UIImage+FolkaAsset.swift */ = {isa = PBXFileReference; fileEncoding = 4; lastKnownFileType = sourcecode.swift; path = "UIImage+FolkaAsset.swift"; sourceTree = "<group>"; };
		E12EF5DB2ABAF2180038764D /* FileOrganizer.swift */ = {isa = PBXFileReference; fileEncoding = 4; lastKnownFileType = sourcecode.swift; path = FileOrganizer.swift; sourceTree = "<group>"; };
		E145A5E22AC2A07B002812F7 /* FolkaStoryResourceManager.swift */ = {isa = PBXFileReference; lastKnownFileType = sourcecode.swift; path = FolkaStoryResourceManager.swift; sourceTree = "<group>"; };
/* End PBXFileReference section */

/* Begin PBXFrameworksBuildPhase section */
		693763C92A35E56600C6B980 /* Frameworks */ = {
			isa = PBXFrameworksBuildPhase;
			buildActionMask = 2147483647;
			files = (
				58F1029B065E72DD3AD50A75 /* Pods_TestingODR.framework in Frameworks */,
			);
			runOnlyForDeploymentPostprocessing = 0;
		};
/* End PBXFrameworksBuildPhase section */

/* Begin PBXGroup section */
		4121BE47B11231509419E3A8 /* Pods */ = {
			isa = PBXGroup;
			children = (
				66F8E971B96BE900C9F1EB18 /* Pods-TestingODR.debug.xcconfig */,
				ABE4DB9B57041D0C8EEF11AF /* Pods-TestingODR.release.xcconfig */,
			);
			path = Pods;
			sourceTree = "<group>";
		};
		690C4ED72AB7155C005C2AB8 /* FMwithCDN */ = {
			isa = PBXGroup;
			children = (
				690C4ED52AB7154F005C2AB8 /* DownloadImageController.swift */,
				692E0E422AB841F300A662CB /* ShowOneController.swift */,
			);
			path = FMwithCDN;
			sourceTree = "<group>";
		};
		692E0E442AB9B1EE00A662CB /* FMwithODR */ = {
			isa = PBXGroup;
			children = (
				690C4ED32AB452ED005C2AB8 /* ODRController.swift */,
			);
			path = FMwithODR;
			sourceTree = "<group>";
		};
		692E0E452AB9B21000A662CB /* JustODR */ = {
			isa = PBXGroup;
			children = (
				693763D32A35E56600C6B980 /* ViewController.swift */,
			);
			path = JustODR;
			sourceTree = "<group>";
		};
		693763C32A35E56600C6B980 = {
			isa = PBXGroup;
			children = (
				693763CE2A35E56600C6B980 /* TestingODR */,
				693763CD2A35E56600C6B980 /* Products */,
				4121BE47B11231509419E3A8 /* Pods */,
				F171266CAEAD73710BD3A1DB /* Frameworks */,
			);
			sourceTree = "<group>";
		};
		693763CD2A35E56600C6B980 /* Products */ = {
			isa = PBXGroup;
			children = (
				693763CC2A35E56600C6B980 /* TestingODR.app */,
			);
			name = Products;
			sourceTree = "<group>";
		};
		693763CE2A35E56600C6B980 /* TestingODR */ = {
			isa = PBXGroup;
			children = (
				693763CF2A35E56600C6B980 /* AppDelegate.swift */,
				693763D12A35E56600C6B980 /* SceneDelegate.swift */,
				690C4ED72AB7155C005C2AB8 /* FMwithCDN */,
				692E0E452AB9B21000A662CB /* JustODR */,
				E12EF5D62ABAF1F40038764D /* CDN+FM */,
				692E0E442AB9B1EE00A662CB /* FMwithODR */,
				693763D52A35E56600C6B980 /* Main.storyboard */,
				693763D82A35E56700C6B980 /* Assets.xcassets */,
				693763DA2A35E56700C6B980 /* LaunchScreen.storyboard */,
				693763DD2A35E56700C6B980 /* Info.plist */,
				692A07B62A8A0C85005F60F0 /* ModalView.swift */,
			);
			path = TestingODR;
			sourceTree = "<group>";
		};
		E12EF5D62ABAF1F40038764D /* CDN+FM */ = {
			isa = PBXGroup;
			children = (
				E12EF5D82ABAF2180038764D /* FileDownloader.swift */,
				E12EF5DB2ABAF2180038764D /* FileOrganizer.swift */,
				E12EF5D72ABAF2180038764D /* FolkaStory.swift */,
				E145A5E22AC2A07B002812F7 /* FolkaStoryResourceManager.swift */,
				E12EF5DA2ABAF2180038764D /* UIImage+FolkaAsset.swift */,
				E12EF5D92ABAF2180038764D /* CDNController.swift */,
			);
			path = "CDN+FM";
			sourceTree = "<group>";
		};
		F171266CAEAD73710BD3A1DB /* Frameworks */ = {
			isa = PBXGroup;
			children = (
				994FDED8BFD60DD0F595BDF9 /* Pods_TestingODR.framework */,
			);
			name = Frameworks;
			sourceTree = "<group>";
		};
/* End PBXGroup section */

/* Begin PBXNativeTarget section */
		693763CB2A35E56600C6B980 /* TestingODR */ = {
			isa = PBXNativeTarget;
			buildConfigurationList = 693763E02A35E56700C6B980 /* Build configuration list for PBXNativeTarget "TestingODR" */;
			buildPhases = (
				202E4AEFCFFE6FFD7A47EC4A /* [CP] Check Pods Manifest.lock */,
				693763C82A35E56600C6B980 /* Sources */,
				693763C92A35E56600C6B980 /* Frameworks */,
				693763CA2A35E56600C6B980 /* Resources */,
				49D29234157A467B4BADF69B /* [CP] Embed Pods Frameworks */,
			);
			buildRules = (
			);
			dependencies = (
			);
			name = TestingODR;
			productName = TestingODR;
			productReference = 693763CC2A35E56600C6B980 /* TestingODR.app */;
			productType = "com.apple.product-type.application";
		};
/* End PBXNativeTarget section */

/* Begin PBXProject section */
		693763C42A35E56600C6B980 /* Project object */ = {
			isa = PBXProject;
			attributes = {
				BuildIndependentTargetsInParallel = 1;
				KnownAssetTags = (
					harry,
				);
				LastSwiftUpdateCheck = 1420;
				LastUpgradeCheck = 1420;
				TargetAttributes = {
					693763CB2A35E56600C6B980 = {
						CreatedOnToolsVersion = 14.2;
					};
				};
			};
			buildConfigurationList = 693763C72A35E56600C6B980 /* Build configuration list for PBXProject "TestingODR" */;
			compatibilityVersion = "Xcode 14.0";
			developmentRegion = en;
			hasScannedForEncodings = 0;
			knownRegions = (
				en,
				Base,
			);
			mainGroup = 693763C32A35E56600C6B980;
			productRefGroup = 693763CD2A35E56600C6B980 /* Products */;
			projectDirPath = "";
			projectRoot = "";
			targets = (
				693763CB2A35E56600C6B980 /* TestingODR */,
			);
		};
/* End PBXProject section */

/* Begin PBXResourcesBuildPhase section */
		693763CA2A35E56600C6B980 /* Resources */ = {
			isa = PBXResourcesBuildPhase;
			buildActionMask = 2147483647;
			files = (
				693763DC2A35E56700C6B980 /* LaunchScreen.storyboard in Resources */,
				693763D92A35E56700C6B980 /* Assets.xcassets in Resources */,
				693763D72A35E56600C6B980 /* Main.storyboard in Resources */,
			);
			runOnlyForDeploymentPostprocessing = 0;
		};
/* End PBXResourcesBuildPhase section */

/* Begin PBXShellScriptBuildPhase section */
		202E4AEFCFFE6FFD7A47EC4A /* [CP] Check Pods Manifest.lock */ = {
			isa = PBXShellScriptBuildPhase;
			buildActionMask = 2147483647;
			files = (
			);
			inputFileListPaths = (
			);
			inputPaths = (
				"${PODS_PODFILE_DIR_PATH}/Podfile.lock",
				"${PODS_ROOT}/Manifest.lock",
			);
			name = "[CP] Check Pods Manifest.lock";
			outputFileListPaths = (
			);
			outputPaths = (
				"$(DERIVED_FILE_DIR)/Pods-TestingODR-checkManifestLockResult.txt",
			);
			runOnlyForDeploymentPostprocessing = 0;
			shellPath = /bin/sh;
			shellScript = "diff \"${PODS_PODFILE_DIR_PATH}/Podfile.lock\" \"${PODS_ROOT}/Manifest.lock\" > /dev/null\nif [ $? != 0 ] ; then\n    # print error to STDERR\n    echo \"error: The sandbox is not in sync with the Podfile.lock. Run 'pod install' or update your CocoaPods installation.\" >&2\n    exit 1\nfi\n# This output is used by Xcode 'outputs' to avoid re-running this script phase.\necho \"SUCCESS\" > \"${SCRIPT_OUTPUT_FILE_0}\"\n";
			showEnvVarsInLog = 0;
		};
		49D29234157A467B4BADF69B /* [CP] Embed Pods Frameworks */ = {
			isa = PBXShellScriptBuildPhase;
			buildActionMask = 2147483647;
			files = (
			);
			inputFileListPaths = (
				"${PODS_ROOT}/Target Support Files/Pods-TestingODR/Pods-TestingODR-frameworks-${CONFIGURATION}-input-files.xcfilelist",
			);
			name = "[CP] Embed Pods Frameworks";
			outputFileListPaths = (
				"${PODS_ROOT}/Target Support Files/Pods-TestingODR/Pods-TestingODR-frameworks-${CONFIGURATION}-output-files.xcfilelist",
			);
			runOnlyForDeploymentPostprocessing = 0;
			shellPath = /bin/sh;
			shellScript = "\"${PODS_ROOT}/Target Support Files/Pods-TestingODR/Pods-TestingODR-frameworks.sh\"\n";
			showEnvVarsInLog = 0;
		};
/* End PBXShellScriptBuildPhase section */

/* Begin PBXSourcesBuildPhase section */
		693763C82A35E56600C6B980 /* Sources */ = {
			isa = PBXSourcesBuildPhase;
			buildActionMask = 2147483647;
			files = (
				690C4ED42AB452ED005C2AB8 /* ODRController.swift in Sources */,
				E12EF5DE2ABAF2180038764D /* CDNController.swift in Sources */,
				E12EF5DC2ABAF2180038764D /* FolkaStory.swift in Sources */,
				E12EF5DF2ABAF2180038764D /* UIImage+FolkaAsset.swift in Sources */,
				690C4ED62AB7154F005C2AB8 /* DownloadImageController.swift in Sources */,
				693763D42A35E56600C6B980 /* ViewController.swift in Sources */,
				693763D02A35E56600C6B980 /* AppDelegate.swift in Sources */,
				692A07B72A8A0C85005F60F0 /* ModalView.swift in Sources */,
				E145A5E32AC2A07B002812F7 /* FolkaStoryResourceManager.swift in Sources */,
				E12EF5DD2ABAF2180038764D /* FileDownloader.swift in Sources */,
				693763D22A35E56600C6B980 /* SceneDelegate.swift in Sources */,
				692E0E432AB841F300A662CB /* ShowOneController.swift in Sources */,
				E12EF5E02ABAF2180038764D /* FileOrganizer.swift in Sources */,
			);
			runOnlyForDeploymentPostprocessing = 0;
		};
/* End PBXSourcesBuildPhase section */

/* Begin PBXVariantGroup section */
		693763D52A35E56600C6B980 /* Main.storyboard */ = {
			isa = PBXVariantGroup;
			children = (
				693763D62A35E56600C6B980 /* Base */,
			);
			name = Main.storyboard;
			sourceTree = "<group>";
		};
		693763DA2A35E56700C6B980 /* LaunchScreen.storyboard */ = {
			isa = PBXVariantGroup;
			children = (
				693763DB2A35E56700C6B980 /* Base */,
			);
			name = LaunchScreen.storyboard;
			sourceTree = "<group>";
		};
/* End PBXVariantGroup section */

/* Begin XCBuildConfiguration section */
		693763DE2A35E56700C6B980 /* Debug */ = {
			isa = XCBuildConfiguration;
			buildSettings = {
				ALWAYS_SEARCH_USER_PATHS = NO;
				CLANG_ANALYZER_NONNULL = YES;
				CLANG_ANALYZER_NUMBER_OBJECT_CONVERSION = YES_AGGRESSIVE;
				CLANG_CXX_LANGUAGE_STANDARD = "gnu++20";
				CLANG_ENABLE_MODULES = YES;
				CLANG_ENABLE_OBJC_ARC = YES;
				CLANG_ENABLE_OBJC_WEAK = YES;
				CLANG_WARN_BLOCK_CAPTURE_AUTORELEASING = YES;
				CLANG_WARN_BOOL_CONVERSION = YES;
				CLANG_WARN_COMMA = YES;
				CLANG_WARN_CONSTANT_CONVERSION = YES;
				CLANG_WARN_DEPRECATED_OBJC_IMPLEMENTATIONS = YES;
				CLANG_WARN_DIRECT_OBJC_ISA_USAGE = YES_ERROR;
				CLANG_WARN_DOCUMENTATION_COMMENTS = YES;
				CLANG_WARN_EMPTY_BODY = YES;
				CLANG_WARN_ENUM_CONVERSION = YES;
				CLANG_WARN_INFINITE_RECURSION = YES;
				CLANG_WARN_INT_CONVERSION = YES;
				CLANG_WARN_NON_LITERAL_NULL_CONVERSION = YES;
				CLANG_WARN_OBJC_IMPLICIT_RETAIN_SELF = YES;
				CLANG_WARN_OBJC_LITERAL_CONVERSION = YES;
				CLANG_WARN_OBJC_ROOT_CLASS = YES_ERROR;
				CLANG_WARN_QUOTED_INCLUDE_IN_FRAMEWORK_HEADER = YES;
				CLANG_WARN_RANGE_LOOP_ANALYSIS = YES;
				CLANG_WARN_STRICT_PROTOTYPES = YES;
				CLANG_WARN_SUSPICIOUS_MOVE = YES;
				CLANG_WARN_UNGUARDED_AVAILABILITY = YES_AGGRESSIVE;
				CLANG_WARN_UNREACHABLE_CODE = YES;
				CLANG_WARN__DUPLICATE_METHOD_MATCH = YES;
				COPY_PHASE_STRIP = NO;
				DEBUG_INFORMATION_FORMAT = dwarf;
				ENABLE_ON_DEMAND_RESOURCES = YES;
				ENABLE_STRICT_OBJC_MSGSEND = YES;
				ENABLE_TESTABILITY = YES;
				GCC_C_LANGUAGE_STANDARD = gnu11;
				GCC_DYNAMIC_NO_PIC = NO;
				GCC_NO_COMMON_BLOCKS = YES;
				GCC_OPTIMIZATION_LEVEL = 0;
				GCC_PREPROCESSOR_DEFINITIONS = (
					"DEBUG=1",
					"$(inherited)",
				);
				GCC_WARN_64_TO_32_BIT_CONVERSION = YES;
				GCC_WARN_ABOUT_RETURN_TYPE = YES_ERROR;
				GCC_WARN_UNDECLARED_SELECTOR = YES;
				GCC_WARN_UNINITIALIZED_AUTOS = YES_AGGRESSIVE;
				GCC_WARN_UNUSED_FUNCTION = YES;
				GCC_WARN_UNUSED_VARIABLE = YES;
				IPHONEOS_DEPLOYMENT_TARGET = 16.2;
				MTL_ENABLE_DEBUG_INFO = INCLUDE_SOURCE;
				MTL_FAST_MATH = YES;
				ONLY_ACTIVE_ARCH = YES;
				SDKROOT = iphoneos;
				SWIFT_ACTIVE_COMPILATION_CONDITIONS = DEBUG;
				SWIFT_OPTIMIZATION_LEVEL = "-Onone";
			};
			name = Debug;
		};
		693763DF2A35E56700C6B980 /* Release */ = {
			isa = XCBuildConfiguration;
			buildSettings = {
				ALWAYS_SEARCH_USER_PATHS = NO;
				CLANG_ANALYZER_NONNULL = YES;
				CLANG_ANALYZER_NUMBER_OBJECT_CONVERSION = YES_AGGRESSIVE;
				CLANG_CXX_LANGUAGE_STANDARD = "gnu++20";
				CLANG_ENABLE_MODULES = YES;
				CLANG_ENABLE_OBJC_ARC = YES;
				CLANG_ENABLE_OBJC_WEAK = YES;
				CLANG_WARN_BLOCK_CAPTURE_AUTORELEASING = YES;
				CLANG_WARN_BOOL_CONVERSION = YES;
				CLANG_WARN_COMMA = YES;
				CLANG_WARN_CONSTANT_CONVERSION = YES;
				CLANG_WARN_DEPRECATED_OBJC_IMPLEMENTATIONS = YES;
				CLANG_WARN_DIRECT_OBJC_ISA_USAGE = YES_ERROR;
				CLANG_WARN_DOCUMENTATION_COMMENTS = YES;
				CLANG_WARN_EMPTY_BODY = YES;
				CLANG_WARN_ENUM_CONVERSION = YES;
				CLANG_WARN_INFINITE_RECURSION = YES;
				CLANG_WARN_INT_CONVERSION = YES;
				CLANG_WARN_NON_LITERAL_NULL_CONVERSION = YES;
				CLANG_WARN_OBJC_IMPLICIT_RETAIN_SELF = YES;
				CLANG_WARN_OBJC_LITERAL_CONVERSION = YES;
				CLANG_WARN_OBJC_ROOT_CLASS = YES_ERROR;
				CLANG_WARN_QUOTED_INCLUDE_IN_FRAMEWORK_HEADER = YES;
				CLANG_WARN_RANGE_LOOP_ANALYSIS = YES;
				CLANG_WARN_STRICT_PROTOTYPES = YES;
				CLANG_WARN_SUSPICIOUS_MOVE = YES;
				CLANG_WARN_UNGUARDED_AVAILABILITY = YES_AGGRESSIVE;
				CLANG_WARN_UNREACHABLE_CODE = YES;
				CLANG_WARN__DUPLICATE_METHOD_MATCH = YES;
				COPY_PHASE_STRIP = NO;
				DEBUG_INFORMATION_FORMAT = "dwarf-with-dsym";
				ENABLE_NS_ASSERTIONS = NO;
				ENABLE_ON_DEMAND_RESOURCES = YES;
				ENABLE_STRICT_OBJC_MSGSEND = YES;
				GCC_C_LANGUAGE_STANDARD = gnu11;
				GCC_NO_COMMON_BLOCKS = YES;
				GCC_WARN_64_TO_32_BIT_CONVERSION = YES;
				GCC_WARN_ABOUT_RETURN_TYPE = YES_ERROR;
				GCC_WARN_UNDECLARED_SELECTOR = YES;
				GCC_WARN_UNINITIALIZED_AUTOS = YES_AGGRESSIVE;
				GCC_WARN_UNUSED_FUNCTION = YES;
				GCC_WARN_UNUSED_VARIABLE = YES;
				IPHONEOS_DEPLOYMENT_TARGET = 16.2;
				MTL_ENABLE_DEBUG_INFO = NO;
				MTL_FAST_MATH = YES;
				SDKROOT = iphoneos;
				SWIFT_COMPILATION_MODE = wholemodule;
				SWIFT_OPTIMIZATION_LEVEL = "-O";
				VALIDATE_PRODUCT = YES;
			};
			name = Release;
		};
		693763E12A35E56700C6B980 /* Debug */ = {
			isa = XCBuildConfiguration;
			baseConfigurationReference = 66F8E971B96BE900C9F1EB18 /* Pods-TestingODR.debug.xcconfig */;
			buildSettings = {
				ASSETCATALOG_COMPILER_APPICON_NAME = AppIcon;
				ASSETCATALOG_COMPILER_GLOBAL_ACCENT_COLOR_NAME = AccentColor;
				CODE_SIGN_STYLE = Automatic;
				CURRENT_PROJECT_VERSION = 1;
				DEVELOPMENT_TEAM = B3WXM85Q9P;
				GENERATE_INFOPLIST_FILE = YES;
				INFOPLIST_FILE = TestingODR/Info.plist;
				INFOPLIST_KEY_UIApplicationSupportsIndirectInputEvents = YES;
				INFOPLIST_KEY_UILaunchStoryboardName = LaunchScreen;
				INFOPLIST_KEY_UIMainStoryboardFile = Main;
				INFOPLIST_KEY_UISupportedInterfaceOrientations_iPad = "UIInterfaceOrientationPortrait UIInterfaceOrientationPortraitUpsideDown UIInterfaceOrientationLandscapeLeft UIInterfaceOrientationLandscapeRight";
				INFOPLIST_KEY_UISupportedInterfaceOrientations_iPhone = "UIInterfaceOrientationPortrait UIInterfaceOrientationLandscapeLeft UIInterfaceOrientationLandscapeRight";
				IPHONEOS_DEPLOYMENT_TARGET = 15.0;
				LD_RUNPATH_SEARCH_PATHS = (
					"$(inherited)",
					"@executable_path/Frameworks",
				);
				MARKETING_VERSION = 1.0;
				PRODUCT_BUNDLE_IDENTIFIER = id.infinitelearning.TestingODR;
				PRODUCT_NAME = "$(TARGET_NAME)";
				SWIFT_EMIT_LOC_STRINGS = YES;
				SWIFT_VERSION = 5.0;
				TARGETED_DEVICE_FAMILY = "1,2";
			};
			name = Debug;
		};
		693763E22A35E56700C6B980 /* Release */ = {
			isa = XCBuildConfiguration;
			baseConfigurationReference = ABE4DB9B57041D0C8EEF11AF /* Pods-TestingODR.release.xcconfig */;
			buildSettings = {
				ASSETCATALOG_COMPILER_APPICON_NAME = AppIcon;
				ASSETCATALOG_COMPILER_GLOBAL_ACCENT_COLOR_NAME = AccentColor;
				CODE_SIGN_STYLE = Automatic;
				CURRENT_PROJECT_VERSION = 1;
				DEVELOPMENT_TEAM = B3WXM85Q9P;
				GENERATE_INFOPLIST_FILE = YES;
				INFOPLIST_FILE = TestingODR/Info.plist;
				INFOPLIST_KEY_UIApplicationSupportsIndirectInputEvents = YES;
				INFOPLIST_KEY_UILaunchStoryboardName = LaunchScreen;
				INFOPLIST_KEY_UIMainStoryboardFile = Main;
				INFOPLIST_KEY_UISupportedInterfaceOrientations_iPad = "UIInterfaceOrientationPortrait UIInterfaceOrientationPortraitUpsideDown UIInterfaceOrientationLandscapeLeft UIInterfaceOrientationLandscapeRight";
				INFOPLIST_KEY_UISupportedInterfaceOrientations_iPhone = "UIInterfaceOrientationPortrait UIInterfaceOrientationLandscapeLeft UIInterfaceOrientationLandscapeRight";
				IPHONEOS_DEPLOYMENT_TARGET = 15.0;
				LD_RUNPATH_SEARCH_PATHS = (
					"$(inherited)",
					"@executable_path/Frameworks",
				);
				MARKETING_VERSION = 1.0;
				PRODUCT_BUNDLE_IDENTIFIER = id.infinitelearning.TestingODR;
				PRODUCT_NAME = "$(TARGET_NAME)";
				SWIFT_EMIT_LOC_STRINGS = YES;
				SWIFT_VERSION = 5.0;
				TARGETED_DEVICE_FAMILY = "1,2";
			};
			name = Release;
		};
/* End XCBuildConfiguration section */

/* Begin XCConfigurationList section */
		693763C72A35E56600C6B980 /* Build configuration list for PBXProject "TestingODR" */ = {
			isa = XCConfigurationList;
			buildConfigurations = (
				693763DE2A35E56700C6B980 /* Debug */,
				693763DF2A35E56700C6B980 /* Release */,
			);
			defaultConfigurationIsVisible = 0;
			defaultConfigurationName = Release;
		};
		693763E02A35E56700C6B980 /* Build configuration list for PBXNativeTarget "TestingODR" */ = {
			isa = XCConfigurationList;
			buildConfigurations = (
				693763E12A35E56700C6B980 /* Debug */,
				693763E22A35E56700C6B980 /* Release */,
			);
			defaultConfigurationIsVisible = 0;
			defaultConfigurationName = Release;
		};
/* End XCConfigurationList section */
	};
	rootObject = 693763C42A35E56600C6B980 /* Project object */;
}
